
Microsoft Visual Studio Solution File, Format Version 12.00
# Visual Studio 15
VisualStudioVersion = 15.0.27130.2010
MinimumVisualStudioVersion = 10.0.40219.1
Project("{888888A0-9F3D-457C-B088-3A5042F75D52}") = "leetcodePython", "leetcodePython\leetcodePython.pyproj", "{979D305C-EAE5-4599-91EE-E4FDF1A096F6}"
EndProject
Global
	GlobalSection(SolutionConfigurationPlatforms) = preSolution
		Debug|Any CPU = Debug|Any CPU
		Release|Any CPU = Release|Any CPU
	EndGlobalSection
	GlobalSection(ProjectConfigurationPlatforms) = postSolution
		{979D305C-EAE5-4599-91EE-E4FDF1A096F6}.Debug|Any CPU.ActiveCfg = Debug|Any CPU
		{979D305C-EAE5-4599-91EE-E4FDF1A096F6}.Release|Any CPU.ActiveCfg = Release|Any CPU
	EndGlobalSection
	GlobalSection(SolutionProperties) = preSolution
		HideSolutionNode = FALSE
	EndGlobalSection
	GlobalSection(ExtensibilityGlobals) = postSolution
		SolutionGuid = {4C1CDD41-72A2-4308-B302-F7D92800FBAA}
	EndGlobalSection
EndGlobal
